
Microsoft Visual Studio Solution File, Format Version 12.00
# Visual Studio Version 16
VisualStudioVersion = 16.0.33423.256
MinimumVisualStudioVersion = 10.0.40219.1
Project("{FAE04EC0-301F-11D3-BF4B-00C04F79EFBC}") = "Hafta1", "Hafta1\Hafta1.csproj", "{72AE5C07-FEFD-48A8-905E-5640E86F4206}"
EndProject
Project("{FAE04EC0-301F-11D3-BF4B-00C04F79EFBC}") = "Hafta2", "Hafta2\Hafta2.csproj", "{27BF9322-DFD3-4E48-8EDA-21632C31EFF3}"
EndProject
Project("{FAE04EC0-301F-11D3-BF4B-00C04F79EFBC}") = "Odev1 - CV - 20215010013", "Odev1 - CV - 20215010013\Odev1 - CV - 20215010013.csproj", "{8A90F951-319E-4DB5-9D21-C9FFA4E6E59C}"
EndProject
Project("{FAE04EC0-301F-11D3-BF4B-00C04F79EFBC}") = "Hafta3", "Hafta3\Hafta3.csproj", "{79E87A3E-FA0A-4783-9330-8A050F651EA5}"
EndProject
Project("{FAE04EC0-301F-11D3-BF4B-00C04F79EFBC}") = "2215010013 - Ödev 2", "2215010013 - Ödev 2\2215010013 - Ödev 2.csproj", "{171D1D93-ABC0-4B11-B1B7-A9B4219C3278}"
EndProject
Project("{FAE04EC0-301F-11D3-BF4B-00C04F79EFBC}") = "Hafta4", "Hafta4\Hafta4.csproj", "{B667D964-6A61-47C8-85EA-EE505AE94ABC}"
EndProject
Project("{FAE04EC0-301F-11D3-BF4B-00C04F79EFBC}") = "2215010013 - Ödev 3", "2215010013 - Ödev 3\2215010013 - Ödev 3.csproj", "{39437E52-21D1-41C3-B77B-15A04B73A17C}"
EndProject
Project("{FAE04EC0-301F-11D3-BF4B-00C04F79EFBC}") = "Hafta5", "Hafta5\Hafta5.csproj", "{B25EEB68-8E1B-4190-A4B5-E320E6CE5F2C}"
EndProject
Project("{FAE04EC0-301F-11D3-BF4B-00C04F79EFBC}") = "2215010013 - Ödev 4", "2215010013 - Ödev 4\2215010013 - Ödev 4.csproj", "{27D470B9-1E4E-414B-8559-3848E7AC2DAA}"
EndProject
Project("{FAE04EC0-301F-11D3-BF4B-00C04F79EFBC}") = "Hafta6", "Hafta6\Hafta6.csproj", "{60FBD4CA-A501-4737-87A0-4ADD0C4795AF}"
EndProject
Project("{FAE04EC0-301F-11D3-BF4B-00C04F79EFBC}") = "2215010013 - Ödev 5", "2215010013 - Ödev 5\2215010013 - Ödev 5.csproj", "{3B44CCA9-88F6-4806-B264-AF13F5FB2B3C}"
EndProject
Global
	GlobalSection(SolutionConfigurationPlatforms) = preSolution
		Debug|Any CPU = Debug|Any CPU
		Release|Any CPU = Release|Any CPU
	EndGlobalSection
	GlobalSection(ProjectConfigurationPlatforms) = postSolution
		{72AE5C07-FEFD-48A8-905E-5640E86F4206}.Debug|Any CPU.ActiveCfg = Debug|Any CPU
		{72AE5C07-FEFD-48A8-905E-5640E86F4206}.Debug|Any CPU.Build.0 = Debug|Any CPU
		{72AE5C07-FEFD-48A8-905E-5640E86F4206}.Release|Any CPU.ActiveCfg = Release|Any CPU
		{72AE5C07-FEFD-48A8-905E-5640E86F4206}.Release|Any CPU.Build.0 = Release|Any CPU
		{27BF9322-DFD3-4E48-8EDA-21632C31EFF3}.Debug|Any CPU.ActiveCfg = Debug|Any CPU
		{27BF9322-DFD3-4E48-8EDA-21632C31EFF3}.Debug|Any CPU.Build.0 = Debug|Any CPU
		{27BF9322-DFD3-4E48-8EDA-21632C31EFF3}.Release|Any CPU.ActiveCfg = Release|Any CPU
		{27BF9322-DFD3-4E48-8EDA-21632C31EFF3}.Release|Any CPU.Build.0 = Release|Any CPU
		{8A90F951-319E-4DB5-9D21-C9FFA4E6E59C}.Debug|Any CPU.ActiveCfg = Debug|Any CPU
		{8A90F951-319E-4DB5-9D21-C9FFA4E6E59C}.Debug|Any CPU.Build.0 = Debug|Any CPU
		{8A90F951-319E-4DB5-9D21-C9FFA4E6E59C}.Release|Any CPU.ActiveCfg = Release|Any CPU
		{8A90F951-319E-4DB5-9D21-C9FFA4E6E59C}.Release|Any CPU.Build.0 = Release|Any CPU
		{79E87A3E-FA0A-4783-9330-8A050F651EA5}.Debug|Any CPU.ActiveCfg = Debug|Any CPU
		{79E87A3E-FA0A-4783-9330-8A050F651EA5}.Debug|Any CPU.Build.0 = Debug|Any CPU
		{79E87A3E-FA0A-4783-9330-8A050F651EA5}.Release|Any CPU.ActiveCfg = Release|Any CPU
		{79E87A3E-FA0A-4783-9330-8A050F651EA5}.Release|Any CPU.Build.0 = Release|Any CPU
		{171D1D93-ABC0-4B11-B1B7-A9B4219C3278}.Debug|Any CPU.ActiveCfg = Debug|Any CPU
		{171D1D93-ABC0-4B11-B1B7-A9B4219C3278}.Debug|Any CPU.Build.0 = Debug|Any CPU
		{171D1D93-ABC0-4B11-B1B7-A9B4219C3278}.Release|Any CPU.ActiveCfg = Release|Any CPU
		{171D1D93-ABC0-4B11-B1B7-A9B4219C3278}.Release|Any CPU.Build.0 = Release|Any CPU
		{B667D964-6A61-47C8-85EA-EE505AE94ABC}.Debug|Any CPU.ActiveCfg = Debug|Any CPU
		{B667D964-6A61-47C8-85EA-EE505AE94ABC}.Debug|Any CPU.Build.0 = Debug|Any CPU
		{B667D964-6A61-47C8-85EA-EE505AE94ABC}.Release|Any CPU.ActiveCfg = Release|Any CPU
		{B667D964-6A61-47C8-85EA-EE505AE94ABC}.Release|Any CPU.Build.0 = Release|Any CPU
		{39437E52-21D1-41C3-B77B-15A04B73A17C}.Debug|Any CPU.ActiveCfg = Debug|Any CPU
		{39437E52-21D1-41C3-B77B-15A04B73A17C}.Debug|Any CPU.Build.0 = Debug|Any CPU
		{39437E52-21D1-41C3-B77B-15A04B73A17C}.Release|Any CPU.ActiveCfg = Release|Any CPU
		{39437E52-21D1-41C3-B77B-15A04B73A17C}.Release|Any CPU.Build.0 = Release|Any CPU
		{B25EEB68-8E1B-4190-A4B5-E320E6CE5F2C}.Debug|Any CPU.ActiveCfg = Debug|Any CPU
		{B25EEB68-8E1B-4190-A4B5-E320E6CE5F2C}.Debug|Any CPU.Build.0 = Debug|Any CPU
		{B25EEB68-8E1B-4190-A4B5-E320E6CE5F2C}.Release|Any CPU.ActiveCfg = Release|Any CPU
		{B25EEB68-8E1B-4190-A4B5-E320E6CE5F2C}.Release|Any CPU.Build.0 = Release|Any CPU
		{27D470B9-1E4E-414B-8559-3848E7AC2DAA}.Debug|Any CPU.ActiveCfg = Debug|Any CPU
		{27D470B9-1E4E-414B-8559-3848E7AC2DAA}.Debug|Any CPU.Build.0 = Debug|Any CPU
		{27D470B9-1E4E-414B-8559-3848E7AC2DAA}.Release|Any CPU.ActiveCfg = Release|Any CPU
		{27D470B9-1E4E-414B-8559-3848E7AC2DAA}.Release|Any CPU.Build.0 = Release|Any CPU
		{60FBD4CA-A501-4737-87A0-4ADD0C4795AF}.Debug|Any CPU.ActiveCfg = Debug|Any CPU
		{60FBD4CA-A501-4737-87A0-4ADD0C4795AF}.Debug|Any CPU.Build.0 = Debug|Any CPU
		{60FBD4CA-A501-4737-87A0-4ADD0C4795AF}.Release|Any CPU.ActiveCfg = Release|Any CPU
		{60FBD4CA-A501-4737-87A0-4ADD0C4795AF}.Release|Any CPU.Build.0 = Release|Any CPU
		{3B44CCA9-88F6-4806-B264-AF13F5FB2B3C}.Debug|Any CPU.ActiveCfg = Debug|Any CPU
		{3B44CCA9-88F6-4806-B264-AF13F5FB2B3C}.Debug|Any CPU.Build.0 = Debug|Any CPU
		{3B44CCA9-88F6-4806-B264-AF13F5FB2B3C}.Release|Any CPU.ActiveCfg = Release|Any CPU
		{3B44CCA9-88F6-4806-B264-AF13F5FB2B3C}.Release|Any CPU.Build.0 = Release|Any CPU
	EndGlobalSection
	GlobalSection(SolutionProperties) = preSolution
		HideSolutionNode = FALSE
	EndGlobalSection
	GlobalSection(ExtensibilityGlobals) = postSolution
		SolutionGuid = {D88155FF-766D-4EB9-9C09-044F113B7383}
	EndGlobalSection
EndGlobal
