
Microsoft Visual Studio Solution File, Format Version 12.00
# Visual Studio Version 16
VisualStudioVersion = 16.0.33423.256
MinimumVisualStudioVersion = 10.0.40219.1
Project("{FAE04EC0-301F-11D3-BF4B-00C04F79EFBC}") = "Hafta1", "Hafta1\Hafta1.csproj", "{72AE5C07-FEFD-48A8-905E-5640E86F4206}"
EndProject
Global
	GlobalSection(SolutionConfigurationPlatforms) = preSolution
		Debug|Any CPU = Debug|Any CPU
		Release|Any CPU = Release|Any CPU
	EndGlobalSection
	GlobalSection(ProjectConfigurationPlatforms) = postSolution
		{72AE5C07-FEFD-48A8-905E-5640E86F4206}.Debug|Any CPU.ActiveCfg = Debug|Any CPU
		{72AE5C07-FEFD-48A8-905E-5640E86F4206}.Debug|Any CPU.Build.0 = Debug|Any CPU
		{72AE5C07-FEFD-48A8-905E-5640E86F4206}.Release|Any CPU.ActiveCfg = Release|Any CPU
		{72AE5C07-FEFD-48A8-905E-5640E86F4206}.Release|Any CPU.Build.0 = Release|Any CPU
	EndGlobalSection
	GlobalSection(SolutionProperties) = preSolution
		HideSolutionNode = FALSE
	EndGlobalSection
	GlobalSection(ExtensibilityGlobals) = postSolution
		SolutionGuid = {D88155FF-766D-4EB9-9C09-044F113B7383}
	EndGlobalSection
EndGlobal
